
Microsoft Visual Studio Solution File, Format Version 12.00
# Visual Studio Version 17
VisualStudioVersion = 17.8.34322.80
MinimumVisualStudioVersion = 10.0.40219.1
Project("{FAE04EC0-301F-11D3-BF4B-00C04F79EFBC}") = "_Address-Book_", "_Address-Book_\_Address-Book_.csproj", "{AC04FF72-B6D6-4A65-A218-503E7A8D0452}"
EndProject
Global
	GlobalSection(SolutionConfigurationPlatforms) = preSolution
		Debug|Any CPU = Debug|Any CPU
		Release|Any CPU = Release|Any CPU
	EndGlobalSection
	GlobalSection(ProjectConfigurationPlatforms) = postSolution
		{AC04FF72-B6D6-4A65-A218-503E7A8D0452}.Debug|Any CPU.ActiveCfg = Debug|Any CPU
		{AC04FF72-B6D6-4A65-A218-503E7A8D0452}.Debug|Any CPU.Build.0 = Debug|Any CPU
		{AC04FF72-B6D6-4A65-A218-503E7A8D0452}.Release|Any CPU.ActiveCfg = Release|Any CPU
		{AC04FF72-B6D6-4A65-A218-503E7A8D0452}.Release|Any CPU.Build.0 = Release|Any CPU
	EndGlobalSection
	GlobalSection(SolutionProperties) = preSolution
		HideSolutionNode = FALSE
	EndGlobalSection
	GlobalSection(ExtensibilityGlobals) = postSolution
		SolutionGuid = {74DE0841-B34B-4144-AE9A-55D2D132635F}
	EndGlobalSection
EndGlobal
